
Microsoft Visual Studio Solution File, Format Version 12.00
# Visual Studio Version 17
VisualStudioVersion = 17.0.31903.59
MinimumVisualStudioVersion = 10.0.40219.1
Project("{FAE04EC0-301F-11D3-BF4B-00C04F79EFBC}") = "rsvp.data", "rsvp.data\rsvp.data.csproj", "{A545E2CE-27C8-4B54-903D-CCEB0B7DB75A}"
EndProject
Project("{FAE04EC0-301F-11D3-BF4B-00C04F79EFBC}") = "rsvp.api", "rsvp.api\rsvp.api.csproj", "{FC07BF46-320F-4696-80CC-90946980680F}"
EndProject
Global
	GlobalSection(SolutionConfigurationPlatforms) = preSolution
		Debug|Any CPU = Debug|Any CPU
		Release|Any CPU = Release|Any CPU
	EndGlobalSection
	GlobalSection(SolutionProperties) = preSolution
		HideSolutionNode = FALSE
	EndGlobalSection
	GlobalSection(ProjectConfigurationPlatforms) = postSolution
		{A545E2CE-27C8-4B54-903D-CCEB0B7DB75A}.Debug|Any CPU.ActiveCfg = Debug|Any CPU
		{A545E2CE-27C8-4B54-903D-CCEB0B7DB75A}.Debug|Any CPU.Build.0 = Debug|Any CPU
		{A545E2CE-27C8-4B54-903D-CCEB0B7DB75A}.Release|Any CPU.ActiveCfg = Release|Any CPU
		{A545E2CE-27C8-4B54-903D-CCEB0B7DB75A}.Release|Any CPU.Build.0 = Release|Any CPU
		{FC07BF46-320F-4696-80CC-90946980680F}.Debug|Any CPU.ActiveCfg = Debug|Any CPU
		{FC07BF46-320F-4696-80CC-90946980680F}.Debug|Any CPU.Build.0 = Debug|Any CPU
		{FC07BF46-320F-4696-80CC-90946980680F}.Release|Any CPU.ActiveCfg = Release|Any CPU
		{FC07BF46-320F-4696-80CC-90946980680F}.Release|Any CPU.Build.0 = Release|Any CPU
	EndGlobalSection
EndGlobal
